
Microsoft Visual Studio Solution File, Format Version 12.00
# Visual Studio Version 17
VisualStudioVersion = 17.12.35728.132 d17.12
MinimumVisualStudioVersion = 10.0.40219.1
Project("{FAE04EC0-301F-11D3-BF4B-00C04F79EFBC}") = "WpfApp25", "WpfApp25\WpfApp25.csproj", "{44578809-C072-4B05-9399-EE2A5CF24645}"
EndProject
Global
	GlobalSection(SolutionConfigurationPlatforms) = preSolution
		Debug|Any CPU = Debug|Any CPU
		Release|Any CPU = Release|Any CPU
	EndGlobalSection
	GlobalSection(ProjectConfigurationPlatforms) = postSolution
		{44578809-C072-4B05-9399-EE2A5CF24645}.Debug|Any CPU.ActiveCfg = Debug|Any CPU
		{44578809-C072-4B05-9399-EE2A5CF24645}.Debug|Any CPU.Build.0 = Debug|Any CPU
		{44578809-C072-4B05-9399-EE2A5CF24645}.Release|Any CPU.ActiveCfg = Release|Any CPU
		{44578809-C072-4B05-9399-EE2A5CF24645}.Release|Any CPU.Build.0 = Release|Any CPU
	EndGlobalSection
	GlobalSection(SolutionProperties) = preSolution
		HideSolutionNode = FALSE
	EndGlobalSection
EndGlobal
